{
  "name": "next14",
  "lockfileVersion": 3,
  "requires": true,
  "packages": {
    "": {
      "dependencies": {
        "failed": "^0.0.1",
        "has": "^1.0.4"
      }
    },
    "node_modules/failed": {
      "version": "0.0.1",
      "resolved": "https://registry.npmjs.org/failed/-/failed-0.0.1.tgz",
      "integrity": "sha512-b63yT1TGEsAufpaZtCgzxGlvQDgYogbeVvISHTJYBWg/mFS9aca0bOeozTMoDGuAEBsOjNL9PqirumXTN/RdGQ=="
    },
    "node_modules/has": {
      "version": "1.0.4",
      "resolved": "https://registry.npmjs.org/has/-/has-1.0.4.tgz",
      "integrity": "sha512-qdSAmqLF6209RFj4VVItywPMbm3vWylknmB3nvNiUIs72xAimcM8nVYxYr7ncvZq5qzk9MKIZR8ijqD/1QuYjQ==",
      "engines": {
        "node": ">= 0.4.0"
      }
    }
  }
}
